
Microsoft Visual Studio Solution File, Format Version 12.00
# Visual Studio Version 16
VisualStudioVersion = 16.0.29503.13
MinimumVisualStudioVersion = 10.0.40219.1
Project("{9A19103F-16F7-4668-BE54-9A1E7A4F7556}") = "OnlineShop.Api", "OnlineShop.Api\OnlineShop.Api.csproj", "{23C43260-134E-44C5-B189-E9E8A0B99587}"
EndProject
Project("{9A19103F-16F7-4668-BE54-9A1E7A4F7556}") = "OnlineShop.Dal", "OnlineShop.Dal\OnlineShop.Dal.csproj", "{AC00EEE7-A2A2-4355-A5C8-F39DA12BD940}"
EndProject
Project("{FAE04EC0-301F-11D3-BF4B-00C04F79EFBC}") = "OnlineShop.Models", "OnlineShop.Models\OnlineShop.Models.csproj", "{4BD16190-A223-48C4-886B-75BB8C725A1B}"
EndProject
Global
	GlobalSection(SolutionConfigurationPlatforms) = preSolution
		Debug|Any CPU = Debug|Any CPU
		Release|Any CPU = Release|Any CPU
	EndGlobalSection
	GlobalSection(ProjectConfigurationPlatforms) = postSolution
		{23C43260-134E-44C5-B189-E9E8A0B99587}.Debug|Any CPU.ActiveCfg = Debug|Any CPU
		{23C43260-134E-44C5-B189-E9E8A0B99587}.Debug|Any CPU.Build.0 = Debug|Any CPU
		{23C43260-134E-44C5-B189-E9E8A0B99587}.Release|Any CPU.ActiveCfg = Release|Any CPU
		{23C43260-134E-44C5-B189-E9E8A0B99587}.Release|Any CPU.Build.0 = Release|Any CPU
		{AC00EEE7-A2A2-4355-A5C8-F39DA12BD940}.Debug|Any CPU.ActiveCfg = Debug|Any CPU
		{AC00EEE7-A2A2-4355-A5C8-F39DA12BD940}.Debug|Any CPU.Build.0 = Debug|Any CPU
		{AC00EEE7-A2A2-4355-A5C8-F39DA12BD940}.Release|Any CPU.ActiveCfg = Release|Any CPU
		{AC00EEE7-A2A2-4355-A5C8-F39DA12BD940}.Release|Any CPU.Build.0 = Release|Any CPU
		{4BD16190-A223-48C4-886B-75BB8C725A1B}.Debug|Any CPU.ActiveCfg = Debug|Any CPU
		{4BD16190-A223-48C4-886B-75BB8C725A1B}.Debug|Any CPU.Build.0 = Debug|Any CPU
		{4BD16190-A223-48C4-886B-75BB8C725A1B}.Release|Any CPU.ActiveCfg = Release|Any CPU
		{4BD16190-A223-48C4-886B-75BB8C725A1B}.Release|Any CPU.Build.0 = Release|Any CPU
	EndGlobalSection
	GlobalSection(SolutionProperties) = preSolution
		HideSolutionNode = FALSE
	EndGlobalSection
	GlobalSection(ExtensibilityGlobals) = postSolution
		SolutionGuid = {3897E938-1E53-4440-BB98-A436833DF465}
	EndGlobalSection
EndGlobal
