
Microsoft Visual Studio Solution File, Format Version 12.00
# Visual Studio Version 16
VisualStudioVersion = 16.0.29509.3
MinimumVisualStudioVersion = 10.0.40219.1
Project("{FAE04EC0-301F-11D3-BF4B-00C04F79EFBC}") = "API", "API\API.csproj", "{4D509925-F468-4E3C-92D9-25800CAEC9AC}"
EndProject
Global
	GlobalSection(SolutionConfigurationPlatforms) = preSolution
		Debug|Any CPU = Debug|Any CPU
		Release|Any CPU = Release|Any CPU
	EndGlobalSection
	GlobalSection(ProjectConfigurationPlatforms) = postSolution
		{4D509925-F468-4E3C-92D9-25800CAEC9AC}.Debug|Any CPU.ActiveCfg = Debug|Any CPU
		{4D509925-F468-4E3C-92D9-25800CAEC9AC}.Debug|Any CPU.Build.0 = Debug|Any CPU
		{4D509925-F468-4E3C-92D9-25800CAEC9AC}.Release|Any CPU.ActiveCfg = Release|Any CPU
		{4D509925-F468-4E3C-92D9-25800CAEC9AC}.Release|Any CPU.Build.0 = Release|Any CPU
	EndGlobalSection
	GlobalSection(SolutionProperties) = preSolution
		HideSolutionNode = FALSE
	EndGlobalSection
	GlobalSection(ExtensibilityGlobals) = postSolution
		SolutionGuid = {A61FE958-C9F2-40B0-85DE-D5DB85D94C11}
	EndGlobalSection
EndGlobal
